// !$*UTF8*$!
{
	archiveVersion = 1;
	classes = {
	};
	objectVersion = 56;
	objects = {

/* Begin PBXBuildFile section */
		D94328AD2A5FCBE2000CAE3D /* AppDelegate.swift in Sources */ = {isa = PBXBuildFile; fileRef = D94328AC2A5FCBE2000CAE3D /* AppDelegate.swift */; };
		D94328B12A5FCBE2000CAE3D /* ViewController.swift in Sources */ = {isa = PBXBuildFile; fileRef = D94328B02A5FCBE2000CAE3D /* ViewController.swift */; };
		D94328B42A5FCBE2000CAE3D /* Main.storyboard in Resources */ = {isa = PBXBuildFile; fileRef = D94328B22A5FCBE2000CAE3D /* Main.storyboard */; };
		D94328B72A5FCBE2000CAE3D /* spotlitSearch.xcdatamodeld in Sources */ = {isa = PBXBuildFile; fileRef = D94328B52A5FCBE2000CAE3D /* spotlitSearch.xcdatamodeld */; };
		D94328B92A5FCBE6000CAE3D /* Assets.xcassets in Resources */ = {isa = PBXBuildFile; fileRef = D94328B82A5FCBE6000CAE3D /* Assets.xcassets */; };
		D94328BC2A5FCBE6000CAE3D /* LaunchScreen.storyboard in Resources */ = {isa = PBXBuildFile; fileRef = D94328BA2A5FCBE6000CAE3D /* LaunchScreen.storyboard */; };
		D94328C72A5FD2DC000CAE3D /* summaryMovieCell.swift in Sources */ = {isa = PBXBuildFile; fileRef = D94328C52A5FD2DC000CAE3D /* summaryMovieCell.swift */; };
		D94328C82A5FD2DC000CAE3D /* summaryMovieCell.xib in Resources */ = {isa = PBXBuildFile; fileRef = D94328C62A5FD2DC000CAE3D /* summaryMovieCell.xib */; };
		D94328CA2A5FD31B000CAE3D /* detailMoviewViewController.swift in Sources */ = {isa = PBXBuildFile; fileRef = D94328C92A5FD31B000CAE3D /* detailMoviewViewController.swift */; };
/* End PBXBuildFile section */

/* Begin PBXFileReference section */
		D94328A92A5FCBE2000CAE3D /* spotlitSearch.app */ = {isa = PBXFileReference; explicitFileType = wrapper.application; includeInIndex = 0; path = spotlitSearch.app; sourceTree = BUILT_PRODUCTS_DIR; };
		D94328AC2A5FCBE2000CAE3D /* AppDelegate.swift */ = {isa = PBXFileReference; lastKnownFileType = sourcecode.swift; path = AppDelegate.swift; sourceTree = "<group>"; };
		D94328B02A5FCBE2000CAE3D /* ViewController.swift */ = {isa = PBXFileReference; lastKnownFileType = sourcecode.swift; path = ViewController.swift; sourceTree = "<group>"; };
		D94328B32A5FCBE2000CAE3D /* Base */ = {isa = PBXFileReference; lastKnownFileType = file.storyboard; name = Base; path = Base.lproj/Main.storyboard; sourceTree = "<group>"; };
		D94328B62A5FCBE2000CAE3D /* spotlitSearch.xcdatamodel */ = {isa = PBXFileReference; lastKnownFileType = wrapper.xcdatamodel; path = spotlitSearch.xcdatamodel; sourceTree = "<group>"; };
		D94328B82A5FCBE6000CAE3D /* Assets.xcassets */ = {isa = PBXFileReference; lastKnownFileType = folder.assetcatalog; path = Assets.xcassets; sourceTree = "<group>"; };
		D94328BB2A5FCBE6000CAE3D /* Base */ = {isa = PBXFileReference; lastKnownFileType = file.storyboard; name = Base; path = Base.lproj/LaunchScreen.storyboard; sourceTree = "<group>"; };
		D94328C52A5FD2DC000CAE3D /* summaryMovieCell.swift */ = {isa = PBXFileReference; lastKnownFileType = sourcecode.swift; path = summaryMovieCell.swift; sourceTree = "<group>"; };
		D94328C62A5FD2DC000CAE3D /* summaryMovieCell.xib */ = {isa = PBXFileReference; lastKnownFileType = file.xib; path = summaryMovieCell.xib; sourceTree = "<group>"; };
		D94328C92A5FD31B000CAE3D /* detailMoviewViewController.swift */ = {isa = PBXFileReference; lastKnownFileType = sourcecode.swift; path = detailMoviewViewController.swift; sourceTree = "<group>"; };
		D94328CE2A60043F000CAE3D /* Info.plist */ = {isa = PBXFileReference; fileEncoding = 4; lastKnownFileType = text.plist.xml; path = Info.plist; sourceTree = "<group>"; };
		D94328D02A6004A4000CAE3D /* MobileCoreServices.framework */ = {isa = PBXFileReference; lastKnownFileType = wrapper.framework; name = MobileCoreServices.framework; path = System/Library/Frameworks/MobileCoreServices.framework; sourceTree = SDKROOT; };
		D94328D12A6004A7000CAE3D /* CoreSpotlight.framework */ = {isa = PBXFileReference; lastKnownFileType = wrapper.framework; name = CoreSpotlight.framework; path = System/Library/Frameworks/CoreSpotlight.framework; sourceTree = SDKROOT; };
/* End PBXFileReference section */

/* Begin PBXFrameworksBuildPhase section */
		D94328A62A5FCBE2000CAE3D /* Frameworks */ = {
			isa = PBXFrameworksBuildPhase;
			buildActionMask = 2147483647;
			files = (
			);
			runOnlyForDeploymentPostprocessing = 0;
		};
/* End PBXFrameworksBuildPhase section */

/* Begin PBXGroup section */
		D94328A02A5FCBE2000CAE3D = {
			isa = PBXGroup;
			children = (
				D94328D12A6004A7000CAE3D /* CoreSpotlight.framework */,
				D94328D02A6004A4000CAE3D /* MobileCoreServices.framework */,
				D94328AB2A5FCBE2000CAE3D /* spotlitSearch */,
				D94328AA2A5FCBE2000CAE3D /* Products */,
			);
			sourceTree = "<group>";
		};
		D94328AA2A5FCBE2000CAE3D /* Products */ = {
			isa = PBXGroup;
			children = (
				D94328A92A5FCBE2000CAE3D /* spotlitSearch.app */,
			);
			name = Products;
			sourceTree = "<group>";
		};
		D94328AB2A5FCBE2000CAE3D /* spotlitSearch */ = {
			isa = PBXGroup;
			children = (
				D94328AC2A5FCBE2000CAE3D /* AppDelegate.swift */,
				D94328B02A5FCBE2000CAE3D /* ViewController.swift */,
				D94328C92A5FD31B000CAE3D /* detailMoviewViewController.swift */,
				D94328C52A5FD2DC000CAE3D /* summaryMovieCell.swift */,
				D94328C62A5FD2DC000CAE3D /* summaryMovieCell.xib */,
				D94328B22A5FCBE2000CAE3D /* Main.storyboard */,
				D94328CE2A60043F000CAE3D /* Info.plist */,
				D94328B82A5FCBE6000CAE3D /* Assets.xcassets */,
				D94328BA2A5FCBE6000CAE3D /* LaunchScreen.storyboard */,
				D94328B52A5FCBE2000CAE3D /* spotlitSearch.xcdatamodeld */,
			);
			path = spotlitSearch;
			sourceTree = "<group>";
		};
/* End PBXGroup section */

/* Begin PBXNativeTarget section */
		D94328A82A5FCBE2000CAE3D /* spotlitSearch */ = {
			isa = PBXNativeTarget;
			buildConfigurationList = D94328C02A5FCBE6000CAE3D /* Build configuration list for PBXNativeTarget "spotlitSearch" */;
			buildPhases = (
				D94328A52A5FCBE2000CAE3D /* Sources */,
				D94328A62A5FCBE2000CAE3D /* Frameworks */,
				D94328A72A5FCBE2000CAE3D /* Resources */,
			);
			buildRules = (
			);
			dependencies = (
			);
			name = spotlitSearch;
			productName = spotlitSearch;
			productReference = D94328A92A5FCBE2000CAE3D /* spotlitSearch.app */;
			productType = "com.apple.product-type.application";
		};
/* End PBXNativeTarget section */

/* Begin PBXProject section */
		D94328A12A5FCBE2000CAE3D /* Project object */ = {
			isa = PBXProject;
			attributes = {
				BuildIndependentTargetsInParallel = 1;
				LastSwiftUpdateCheck = 1420;
				LastUpgradeCheck = 1420;
				TargetAttributes = {
					D94328A82A5FCBE2000CAE3D = {
						CreatedOnToolsVersion = 14.2;
					};
				};
			};
			buildConfigurationList = D94328A42A5FCBE2000CAE3D /* Build configuration list for PBXProject "spotlitSearch" */;
			compatibilityVersion = "Xcode 14.0";
			developmentRegion = en;
			hasScannedForEncodings = 0;
			knownRegions = (
				en,
				Base,
			);
			mainGroup = D94328A02A5FCBE2000CAE3D;
			productRefGroup = D94328AA2A5FCBE2000CAE3D /* Products */;
			projectDirPath = "";
			projectRoot = "";
			targets = (
				D94328A82A5FCBE2000CAE3D /* spotlitSearch */,
			);
		};
/* End PBXProject section */

/* Begin PBXResourcesBuildPhase section */
		D94328A72A5FCBE2000CAE3D /* Resources */ = {
			isa = PBXResourcesBuildPhase;
			buildActionMask = 2147483647;
			files = (
				D94328BC2A5FCBE6000CAE3D /* LaunchScreen.storyboard in Resources */,
				D94328B92A5FCBE6000CAE3D /* Assets.xcassets in Resources */,
				D94328B42A5FCBE2000CAE3D /* Main.storyboard in Resources */,
				D94328C82A5FD2DC000CAE3D /* summaryMovieCell.xib in Resources */,
			);
			runOnlyForDeploymentPostprocessing = 0;
		};
/* End PBXResourcesBuildPhase section */

/* Begin PBXSourcesBuildPhase section */
		D94328A52A5FCBE2000CAE3D /* Sources */ = {
			isa = PBXSourcesBuildPhase;
			buildActionMask = 2147483647;
			files = (
				D94328B12A5FCBE2000CAE3D /* ViewController.swift in Sources */,
				D94328C72A5FD2DC000CAE3D /* summaryMovieCell.swift in Sources */,
				D94328CA2A5FD31B000CAE3D /* detailMoviewViewController.swift in Sources */,
				D94328AD2A5FCBE2000CAE3D /* AppDelegate.swift in Sources */,
				D94328B72A5FCBE2000CAE3D /* spotlitSearch.xcdatamodeld in Sources */,
			);
			runOnlyForDeploymentPostprocessing = 0;
		};
/* End PBXSourcesBuildPhase section */

/* Begin PBXVariantGroup section */
		D94328B22A5FCBE2000CAE3D /* Main.storyboard */ = {
			isa = PBXVariantGroup;
			children = (
				D94328B32A5FCBE2000CAE3D /* Base */,
			);
			name = Main.storyboard;
			sourceTree = "<group>";
		};
		D94328BA2A5FCBE6000CAE3D /* LaunchScreen.storyboard */ = {
			isa = PBXVariantGroup;
			children = (
				D94328BB2A5FCBE6000CAE3D /* Base */,
			);
			name = LaunchScreen.storyboard;
			sourceTree = "<group>";
		};
/* End PBXVariantGroup section */

/* Begin XCBuildConfiguration section */
		D94328BE2A5FCBE6000CAE3D /* Debug */ = {
			isa = XCBuildConfiguration;
			buildSettings = {
				ALWAYS_SEARCH_USER_PATHS = NO;
				CLANG_ANALYZER_NONNULL = YES;
				CLANG_ANALYZER_NUMBER_OBJECT_CONVERSION = YES_AGGRESSIVE;
				CLANG_CXX_LANGUAGE_STANDARD = "gnu++20";
				CLANG_ENABLE_MODULES = YES;
				CLANG_ENABLE_OBJC_ARC = YES;
				CLANG_ENABLE_OBJC_WEAK = YES;
				CLANG_WARN_BLOCK_CAPTURE_AUTORELEASING = YES;
				CLANG_WARN_BOOL_CONVERSION = YES;
				CLANG_WARN_COMMA = YES;
				CLANG_WARN_CONSTANT_CONVERSION = YES;
				CLANG_WARN_DEPRECATED_OBJC_IMPLEMENTATIONS = YES;
				CLANG_WARN_DIRECT_OBJC_ISA_USAGE = YES_ERROR;
				CLANG_WARN_DOCUMENTATION_COMMENTS = YES;
				CLANG_WARN_EMPTY_BODY = YES;
				CLANG_WARN_ENUM_CONVERSION = YES;
				CLANG_WARN_INFINITE_RECURSION = YES;
				CLANG_WARN_INT_CONVERSION = YES;
				CLANG_WARN_NON_LITERAL_NULL_CONVERSION = YES;
				CLANG_WARN_OBJC_IMPLICIT_RETAIN_SELF = YES;
				CLANG_WARN_OBJC_LITERAL_CONVERSION = YES;
				CLANG_WARN_OBJC_ROOT_CLASS = YES_ERROR;
				CLANG_WARN_QUOTED_INCLUDE_IN_FRAMEWORK_HEADER = YES;
				CLANG_WARN_RANGE_LOOP_ANALYSIS = YES;
				CLANG_WARN_STRICT_PROTOTYPES = YES;
				CLANG_WARN_SUSPICIOUS_MOVE = YES;
				CLANG_WARN_UNGUARDED_AVAILABILITY = YES_AGGRESSIVE;
				CLANG_WARN_UNREACHABLE_CODE = YES;
				CLANG_WARN__DUPLICATE_METHOD_MATCH = YES;
				COPY_PHASE_STRIP = NO;
				DEBUG_INFORMATION_FORMAT = dwarf;
				ENABLE_STRICT_OBJC_MSGSEND = YES;
				ENABLE_TESTABILITY = YES;
				GCC_C_LANGUAGE_STANDARD = gnu11;
				GCC_DYNAMIC_NO_PIC = NO;
				GCC_NO_COMMON_BLOCKS = YES;
				GCC_OPTIMIZATION_LEVEL = 0;
				GCC_PREPROCESSOR_DEFINITIONS = (
					"DEBUG=1",
					"$(inherited)",
				);
				GCC_WARN_64_TO_32_BIT_CONVERSION = YES;
				GCC_WARN_ABOUT_RETURN_TYPE = YES_ERROR;
				GCC_WARN_UNDECLARED_SELECTOR = YES;
				GCC_WARN_UNINITIALIZED_AUTOS = YES_AGGRESSIVE;
				GCC_WARN_UNUSED_FUNCTION = YES;
				GCC_WARN_UNUSED_VARIABLE = YES;
				IPHONEOS_DEPLOYMENT_TARGET = 16.2;
				MTL_ENABLE_DEBUG_INFO = INCLUDE_SOURCE;
				MTL_FAST_MATH = YES;
				ONLY_ACTIVE_ARCH = YES;
				SDKROOT = iphoneos;
				SWIFT_ACTIVE_COMPILATION_CONDITIONS = DEBUG;
				SWIFT_OPTIMIZATION_LEVEL = "-Onone";
			};
			name = Debug;
		};
		D94328BF2A5FCBE6000CAE3D /* Release */ = {
			isa = XCBuildConfiguration;
			buildSettings = {
				ALWAYS_SEARCH_USER_PATHS = NO;
				CLANG_ANALYZER_NONNULL = YES;
				CLANG_ANALYZER_NUMBER_OBJECT_CONVERSION = YES_AGGRESSIVE;
				CLANG_CXX_LANGUAGE_STANDARD = "gnu++20";
				CLANG_ENABLE_MODULES = YES;
				CLANG_ENABLE_OBJC_ARC = YES;
				CLANG_ENABLE_OBJC_WEAK = YES;
				CLANG_WARN_BLOCK_CAPTURE_AUTORELEASING = YES;
				CLANG_WARN_BOOL_CONVERSION = YES;
				CLANG_WARN_COMMA = YES;
				CLANG_WARN_CONSTANT_CONVERSION = YES;
				CLANG_WARN_DEPRECATED_OBJC_IMPLEMENTATIONS = YES;
				CLANG_WARN_DIRECT_OBJC_ISA_USAGE = YES_ERROR;
				CLANG_WARN_DOCUMENTATION_COMMENTS = YES;
				CLANG_WARN_EMPTY_BODY = YES;
				CLANG_WARN_ENUM_CONVERSION = YES;
				CLANG_WARN_INFINITE_RECURSION = YES;
				CLANG_WARN_INT_CONVERSION = YES;
				CLANG_WARN_NON_LITERAL_NULL_CONVERSION = YES;
				CLANG_WARN_OBJC_IMPLICIT_RETAIN_SELF = YES;
				CLANG_WARN_OBJC_LITERAL_CONVERSION = YES;
				CLANG_WARN_OBJC_ROOT_CLASS = YES_ERROR;
				CLANG_WARN_QUOTED_INCLUDE_IN_FRAMEWORK_HEADER = YES;
				CLANG_WARN_RANGE_LOOP_ANALYSIS = YES;
				CLANG_WARN_STRICT_PROTOTYPES = YES;
				CLANG_WARN_SUSPICIOUS_MOVE = YES;
				CLANG_WARN_UNGUARDED_AVAILABILITY = YES_AGGRESSIVE;
				CLANG_WARN_UNREACHABLE_CODE = YES;
				CLANG_WARN__DUPLICATE_METHOD_MATCH = YES;
				COPY_PHASE_STRIP = NO;
				DEBUG_INFORMATION_FORMAT = "dwarf-with-dsym";
				ENABLE_NS_ASSERTIONS = NO;
				ENABLE_STRICT_OBJC_MSGSEND = YES;
				GCC_C_LANGUAGE_STANDARD = gnu11;
				GCC_NO_COMMON_BLOCKS = YES;
				GCC_WARN_64_TO_32_BIT_CONVERSION = YES;
				GCC_WARN_ABOUT_RETURN_TYPE = YES_ERROR;
				GCC_WARN_UNDECLARED_SELECTOR = YES;
				GCC_WARN_UNINITIALIZED_AUTOS = YES_AGGRESSIVE;
				GCC_WARN_UNUSED_FUNCTION = YES;
				GCC_WARN_UNUSED_VARIABLE = YES;
				IPHONEOS_DEPLOYMENT_TARGET = 16.2;
				MTL_ENABLE_DEBUG_INFO = NO;
				MTL_FAST_MATH = YES;
				SDKROOT = iphoneos;
				SWIFT_COMPILATION_MODE = wholemodule;
				SWIFT_OPTIMIZATION_LEVEL = "-O";
				VALIDATE_PRODUCT = YES;
			};
			name = Release;
		};
		D94328C12A5FCBE6000CAE3D /* Debug */ = {
			isa = XCBuildConfiguration;
			buildSettings = {
				ASSETCATALOG_COMPILER_APPICON_NAME = AppIcon;
				ASSETCATALOG_COMPILER_GLOBAL_ACCENT_COLOR_NAME = AccentColor;
				CODE_SIGN_STYLE = Automatic;
				CURRENT_PROJECT_VERSION = 1;
				GENERATE_INFOPLIST_FILE = YES;
				INFOPLIST_FILE = spotlitSearch/Info.plist;
				INFOPLIST_KEY_UIApplicationSupportsIndirectInputEvents = YES;
				INFOPLIST_KEY_UILaunchStoryboardName = LaunchScreen;
				INFOPLIST_KEY_UIMainStoryboardFile = Main;
				INFOPLIST_KEY_UISupportedInterfaceOrientations_iPad = "UIInterfaceOrientationPortrait UIInterfaceOrientationPortraitUpsideDown UIInterfaceOrientationLandscapeLeft UIInterfaceOrientationLandscapeRight";
				INFOPLIST_KEY_UISupportedInterfaceOrientations_iPhone = "UIInterfaceOrientationPortrait UIInterfaceOrientationLandscapeLeft UIInterfaceOrientationLandscapeRight";
				IPHONEOS_DEPLOYMENT_TARGET = 14.7;
				LD_RUNPATH_SEARCH_PATHS = (
					"$(inherited)",
					"@executable_path/Frameworks",
				);
				MARKETING_VERSION = 1.0;
				PRODUCT_BUNDLE_IDENTIFIER = imc.spotlitSearch;
				PRODUCT_NAME = "$(TARGET_NAME)";
				SWIFT_EMIT_LOC_STRINGS = YES;
				SWIFT_VERSION = 5.0;
				TARGETED_DEVICE_FAMILY = "1,2";
			};
			name = Debug;
		};
		D94328C22A5FCBE6000CAE3D /* Release */ = {
			isa = XCBuildConfiguration;
			buildSettings = {
				ASSETCATALOG_COMPILER_APPICON_NAME = AppIcon;
				ASSETCATALOG_COMPILER_GLOBAL_ACCENT_COLOR_NAME = AccentColor;
				CODE_SIGN_STYLE = Automatic;
				CURRENT_PROJECT_VERSION = 1;
				GENERATE_INFOPLIST_FILE = YES;
				INFOPLIST_FILE = spotlitSearch/Info.plist;
				INFOPLIST_KEY_UIApplicationSupportsIndirectInputEvents = YES;
				INFOPLIST_KEY_UILaunchStoryboardName = LaunchScreen;
				INFOPLIST_KEY_UIMainStoryboardFile = Main;
				INFOPLIST_KEY_UISupportedInterfaceOrientations_iPad = "UIInterfaceOrientationPortrait UIInterfaceOrientationPortraitUpsideDown UIInterfaceOrientationLandscapeLeft UIInterfaceOrientationLandscapeRight";
				INFOPLIST_KEY_UISupportedInterfaceOrientations_iPhone = "UIInterfaceOrientationPortrait UIInterfaceOrientationLandscapeLeft UIInterfaceOrientationLandscapeRight";
				IPHONEOS_DEPLOYMENT_TARGET = 14.7;
				LD_RUNPATH_SEARCH_PATHS = (
					"$(inherited)",
					"@executable_path/Frameworks",
				);
				MARKETING_VERSION = 1.0;
				PRODUCT_BUNDLE_IDENTIFIER = imc.spotlitSearch;
				PRODUCT_NAME = "$(TARGET_NAME)";
				SWIFT_EMIT_LOC_STRINGS = YES;
				SWIFT_VERSION = 5.0;
				TARGETED_DEVICE_FAMILY = "1,2";
			};
			name = Release;
		};
/* End XCBuildConfiguration section */

/* Begin XCConfigurationList section */
		D94328A42A5FCBE2000CAE3D /* Build configuration list for PBXProject "spotlitSearch" */ = {
			isa = XCConfigurationList;
			buildConfigurations = (
				D94328BE2A5FCBE6000CAE3D /* Debug */,
				D94328BF2A5FCBE6000CAE3D /* Release */,
			);
			defaultConfigurationIsVisible = 0;
			defaultConfigurationName = Release;
		};
		D94328C02A5FCBE6000CAE3D /* Build configuration list for PBXNativeTarget "spotlitSearch" */ = {
			isa = XCConfigurationList;
			buildConfigurations = (
				D94328C12A5FCBE6000CAE3D /* Debug */,
				D94328C22A5FCBE6000CAE3D /* Release */,
			);
			defaultConfigurationIsVisible = 0;
			defaultConfigurationName = Release;
		};
/* End XCConfigurationList section */

/* Begin XCVersionGroup section */
		D94328B52A5FCBE2000CAE3D /* spotlitSearch.xcdatamodeld */ = {
			isa = XCVersionGroup;
			children = (
				D94328B62A5FCBE2000CAE3D /* spotlitSearch.xcdatamodel */,
			);
			currentVersion = D94328B62A5FCBE2000CAE3D /* spotlitSearch.xcdatamodel */;
			path = spotlitSearch.xcdatamodeld;
			sourceTree = "<group>";
			versionGroupType = wrapper.xcdatamodel;
		};
/* End XCVersionGroup section */
	};
	rootObject = D94328A12A5FCBE2000CAE3D /* Project object */;
}
